
Microsoft Visual Studio Solution File, Format Version 12.00
# Visual Studio Version 17
VisualStudioVersion = 17.0.31903.59
MinimumVisualStudioVersion = 10.0.40219.1
Project("{2150E333-8FDC-42A3-9474-1A3956D46DE8}") = "src", "src", "{827E0CD3-B72D-47B6-A68D-7590B98EB39B}"
EndProject
Project("{2150E333-8FDC-42A3-9474-1A3956D46DE8}") = "SharedKernel", "SharedKernel", "{85F909CB-8F14-ECC8-BA9D-713D1771907F}"
EndProject
Project("{FAE04EC0-301F-11D3-BF4B-00C04F79EFBC}") = "WeakAppHandler.SharedKernel", "src\SharedKernel\WeakAppHandler.SharedKernel\WeakAppHandler.SharedKernel.csproj", "{3597AD2E-3D96-40C9-8CE8-6DF8FF3FB4D7}"
EndProject
Project("{2150E333-8FDC-42A3-9474-1A3956D46DE8}") = "Contracts", "Contracts", "{FFBE31B8-50B9-B415-22BC-2F92C97CADA3}"
EndProject
Project("{FAE04EC0-301F-11D3-BF4B-00C04F79EFBC}") = "WeakAppHandler.Contracts", "src\Contracts\WeakAppHandler.Contracts\WeakAppHandler.Contracts.csproj", "{678C2C21-E005-4C4B-97DA-A8E874FAA69F}"
EndProject
Project("{2150E333-8FDC-42A3-9474-1A3956D46DE8}") = "Ingestor", "Ingestor", "{96B3E664-5ABC-E51A-CA60-11A84D1E55B4}"
EndProject
Project("{FAE04EC0-301F-11D3-BF4B-00C04F79EFBC}") = "WeakAppHandler.Ingestor", "src\Ingestor\WeakAppHandler.Ingestor\WeakAppHandler.Ingestor.csproj", "{E7607BDB-DA9E-4E34-A070-68C9E96CADE2}"
EndProject
Project("{2150E333-8FDC-42A3-9474-1A3956D46DE8}") = "Processor", "Processor", "{1392ED4B-3FB1-F2A1-9B6B-9EFB0CACC6E4}"
EndProject
Project("{FAE04EC0-301F-11D3-BF4B-00C04F79EFBC}") = "WeakAppHandler.Processor.Domain", "src\Processor\WeakAppHandler.Processor.Domain\WeakAppHandler.Processor.Domain.csproj", "{EA2BD926-1625-4F83-8D3B-C388A664C1B0}"
EndProject
Project("{FAE04EC0-301F-11D3-BF4B-00C04F79EFBC}") = "WeakAppHandler.Processor.Application", "src\Processor\WeakAppHandler.Processor.Application\WeakAppHandler.Processor.Application.csproj", "{C0ECE60A-FEE0-457C-970A-3B0EEB231A47}"
EndProject
Project("{FAE04EC0-301F-11D3-BF4B-00C04F79EFBC}") = "WeakAppHandler.Processor.Infrastructure", "src\Processor\WeakAppHandler.Processor.Infrastructure\WeakAppHandler.Processor.Infrastructure.csproj", "{A0DC4F19-851C-45AE-9293-E17C358DD1B6}"
EndProject
Project("{FAE04EC0-301F-11D3-BF4B-00C04F79EFBC}") = "WeakAppHandler.Processor.Worker", "src\Processor\WeakAppHandler.Processor.Worker\WeakAppHandler.Processor.Worker.csproj", "{992E5424-E447-4841-B1ED-8DFF5F1F2B2D}"
EndProject
Project("{2150E333-8FDC-42A3-9474-1A3956D46DE8}") = "Gateway", "Gateway", "{6306A8FB-679E-111F-6585-8F70E0EE6013}"
EndProject
Project("{FAE04EC0-301F-11D3-BF4B-00C04F79EFBC}") = "WeakAppHandler.Gateway.Application", "src\Gateway\WeakAppHandler.Gateway.Application\WeakAppHandler.Gateway.Application.csproj", "{7D127399-7CFF-4D5D-B5F0-3ABD0B663B49}"
EndProject
Project("{FAE04EC0-301F-11D3-BF4B-00C04F79EFBC}") = "WeakAppHandler.Gateway.Infrastructure", "src\Gateway\WeakAppHandler.Gateway.Infrastructure\WeakAppHandler.Gateway.Infrastructure.csproj", "{3E0EA6EB-151F-4AE1-A5E9-6B5BB7942672}"
EndProject
Project("{FAE04EC0-301F-11D3-BF4B-00C04F79EFBC}") = "WeakAppHandler.Gateway.Api", "src\Gateway\WeakAppHandler.Gateway.Api\WeakAppHandler.Gateway.Api.csproj", "{72089D05-022C-4624-8FBE-346E190797EB}"
EndProject
Project("{2150E333-8FDC-42A3-9474-1A3956D46DE8}") = "Notification", "Notification", "{70BAA7F9-7914-E584-5739-8B02C132DCC7}"
EndProject
Project("{FAE04EC0-301F-11D3-BF4B-00C04F79EFBC}") = "WeakAppHandler.Notification.RuleEngine", "src\Notification\WeakAppHandler.Notification.RuleEngine\WeakAppHandler.Notification.RuleEngine.csproj", "{6F9B1ECD-0125-451B-B7CA-AC8D2F984C0D}"
EndProject
Project("{FAE04EC0-301F-11D3-BF4B-00C04F79EFBC}") = "WeakAppHandler.Notification.Api", "src\Notification\WeakAppHandler.Notification.Api\WeakAppHandler.Notification.Api.csproj", "{56C89DA3-DBC1-4942-9BDD-36E7BD4E4AF3}"
EndProject
Project("{2150E333-8FDC-42A3-9474-1A3956D46DE8}") = "Auth", "Auth", "{E134C235-D229-4C0D-6747-D71D21D31FBE}"
EndProject
Project("{FAE04EC0-301F-11D3-BF4B-00C04F79EFBC}") = "WeakAppHandler.Auth", "src\Auth\WeakAppHandler.Auth\WeakAppHandler.Auth.csproj", "{43DD98E6-2D51-4C97-A202-72863E3B6FF1}"
EndProject
Project("{2150E333-8FDC-42A3-9474-1A3956D46DE8}") = "ServiceDefaults", "ServiceDefaults", "{5FC1494C-0D8C-79D1-FFF2-37E95F57AB9F}"
EndProject
Project("{FAE04EC0-301F-11D3-BF4B-00C04F79EFBC}") = "WeakAppHandler.ServiceDefaults", "src\ServiceDefaults\WeakAppHandler.ServiceDefaults\WeakAppHandler.ServiceDefaults.csproj", "{9CCCC5FA-663B-415F-9B62-C945EC20A86C}"
EndProject
Project("{2150E333-8FDC-42A3-9474-1A3956D46DE8}") = "tests", "tests", "{0AB3BF05-4346-4AA6-1389-037BE0695223}"
EndProject
Project("{FAE04EC0-301F-11D3-BF4B-00C04F79EFBC}") = "WeakAppHandler.ServiceDefaults.Tests", "tests\WeakAppHandler.ServiceDefaults.Tests\WeakAppHandler.ServiceDefaults.Tests.csproj", "{1D14C5B6-C6BB-4D71-8B73-3BFCE7176850}"
EndProject
Project("{FAE04EC0-301F-11D3-BF4B-00C04F79EFBC}") = "WeakAppHandler.Contracts.Tests", "tests\WeakAppHandler.Contracts.Tests\WeakAppHandler.Contracts.Tests.csproj", "{E44D43ED-9A01-49CA-9D6F-4766211324A3}"
EndProject
Project("{FAE04EC0-301F-11D3-BF4B-00C04F79EFBC}") = "WeakAppHandler.Ingestor.Tests", "tests\WeakAppHandler.Ingestor.Tests\WeakAppHandler.Ingestor.Tests.csproj", "{863F93DF-397D-46CC-B471-33FEB7514C1B}"
EndProject
Project("{2150E333-8FDC-42A3-9474-1A3956D46DE8}") = "Shared", "Shared", "{D0D6B8B0-AC35-B3FA-0B96-A9B0E4A3253E}"
EndProject
Project("{FAE04EC0-301F-11D3-BF4B-00C04F79EFBC}") = "WeakAppHandler.IntegrationTesting", "tests\Shared\WeakAppHandler.IntegrationTesting\WeakAppHandler.IntegrationTesting.csproj", "{23E4A389-25E3-4151-981B-6E3CA34ED274}"
EndProject
Project("{FAE04EC0-301F-11D3-BF4B-00C04F79EFBC}") = "WeakAppHandler.Processor.Infrastructure.Tests", "tests\WeakAppHandler.Processor.Infrastructure.Tests\WeakAppHandler.Processor.Infrastructure.Tests.csproj", "{DAC58AFD-6867-498B-8267-155B16192C13}"
EndProject
Project("{FAE04EC0-301F-11D3-BF4B-00C04F79EFBC}") = "WeakAppHandler.Auth.Tests", "tests\WeakAppHandler.Auth.Tests\WeakAppHandler.Auth.Tests.csproj", "{1F999A26-CF20-464F-9293-9EFDC8789B68}"
EndProject
Project("{FAE04EC0-301F-11D3-BF4B-00C04F79EFBC}") = "WeakAppHandler.Messaging.Tests", "tests\WeakAppHandler.Messaging.Tests\WeakAppHandler.Messaging.Tests.csproj", "{2EEFBB4B-B11F-4027-AE0E-94B768D093FB}"
EndProject
Project("{FAE04EC0-301F-11D3-BF4B-00C04F79EFBC}") = "WeakAppHandler.Gateway.Api.Tests", "tests\WeakAppHandler.Gateway.Api.Tests\WeakAppHandler.Gateway.Api.Tests.csproj", "{CB32A0E8-44E1-43ED-90CD-42547AA9563B}"
EndProject
Project("{FAE04EC0-301F-11D3-BF4B-00C04F79EFBC}") = "WeakAppHandler.Notification.Api.Tests", "tests\WeakAppHandler.Notification.Api.Tests\WeakAppHandler.Notification.Api.Tests.csproj", "{69F305E0-786A-4472-AA6D-E2A2DBFBEDAD}"
EndProject
Project("{FAE04EC0-301F-11D3-BF4B-00C04F79EFBC}") = "WeakAppHandler.Notification.RuleEngine.Tests", "tests\WeakAppHandler.Notification.RuleEngine.Tests\WeakAppHandler.Notification.RuleEngine.Tests.csproj", "{E1AB7B95-AAE6-4657-8506-30BAE2098C19}"
EndProject
Project("{FAE04EC0-301F-11D3-BF4B-00C04F79EFBC}") = "WeakAppHandler.M2.IntegrationTests", "tests\WeakAppHandler.M2.IntegrationTests\WeakAppHandler.M2.IntegrationTests.csproj", "{02ED8909-0B91-4101-A7A4-A83880593CBD}"
EndProject
Global
	GlobalSection(SolutionConfigurationPlatforms) = preSolution
		Debug|Any CPU = Debug|Any CPU
		Debug|x64 = Debug|x64
		Debug|x86 = Debug|x86
		Release|Any CPU = Release|Any CPU
		Release|x64 = Release|x64
		Release|x86 = Release|x86
	EndGlobalSection
	GlobalSection(ProjectConfigurationPlatforms) = postSolution
		{3597AD2E-3D96-40C9-8CE8-6DF8FF3FB4D7}.Debug|Any CPU.ActiveCfg = Debug|Any CPU
		{3597AD2E-3D96-40C9-8CE8-6DF8FF3FB4D7}.Debug|Any CPU.Build.0 = Debug|Any CPU
		{3597AD2E-3D96-40C9-8CE8-6DF8FF3FB4D7}.Debug|x64.ActiveCfg = Debug|Any CPU
		{3597AD2E-3D96-40C9-8CE8-6DF8FF3FB4D7}.Debug|x64.Build.0 = Debug|Any CPU
		{3597AD2E-3D96-40C9-8CE8-6DF8FF3FB4D7}.Debug|x86.ActiveCfg = Debug|Any CPU
		{3597AD2E-3D96-40C9-8CE8-6DF8FF3FB4D7}.Debug|x86.Build.0 = Debug|Any CPU
		{3597AD2E-3D96-40C9-8CE8-6DF8FF3FB4D7}.Release|Any CPU.ActiveCfg = Release|Any CPU
		{3597AD2E-3D96-40C9-8CE8-6DF8FF3FB4D7}.Release|Any CPU.Build.0 = Release|Any CPU
		{3597AD2E-3D96-40C9-8CE8-6DF8FF3FB4D7}.Release|x64.ActiveCfg = Release|Any CPU
		{3597AD2E-3D96-40C9-8CE8-6DF8FF3FB4D7}.Release|x64.Build.0 = Release|Any CPU
		{3597AD2E-3D96-40C9-8CE8-6DF8FF3FB4D7}.Release|x86.ActiveCfg = Release|Any CPU
		{3597AD2E-3D96-40C9-8CE8-6DF8FF3FB4D7}.Release|x86.Build.0 = Release|Any CPU
		{678C2C21-E005-4C4B-97DA-A8E874FAA69F}.Debug|Any CPU.ActiveCfg = Debug|Any CPU
		{678C2C21-E005-4C4B-97DA-A8E874FAA69F}.Debug|Any CPU.Build.0 = Debug|Any CPU
		{678C2C21-E005-4C4B-97DA-A8E874FAA69F}.Debug|x64.ActiveCfg = Debug|Any CPU
		{678C2C21-E005-4C4B-97DA-A8E874FAA69F}.Debug|x64.Build.0 = Debug|Any CPU
		{678C2C21-E005-4C4B-97DA-A8E874FAA69F}.Debug|x86.ActiveCfg = Debug|Any CPU
		{678C2C21-E005-4C4B-97DA-A8E874FAA69F}.Debug|x86.Build.0 = Debug|Any CPU
		{678C2C21-E005-4C4B-97DA-A8E874FAA69F}.Release|Any CPU.ActiveCfg = Release|Any CPU
		{678C2C21-E005-4C4B-97DA-A8E874FAA69F}.Release|Any CPU.Build.0 = Release|Any CPU
		{678C2C21-E005-4C4B-97DA-A8E874FAA69F}.Release|x64.ActiveCfg = Release|Any CPU
		{678C2C21-E005-4C4B-97DA-A8E874FAA69F}.Release|x64.Build.0 = Release|Any CPU
		{678C2C21-E005-4C4B-97DA-A8E874FAA69F}.Release|x86.ActiveCfg = Release|Any CPU
		{678C2C21-E005-4C4B-97DA-A8E874FAA69F}.Release|x86.Build.0 = Release|Any CPU
		{E7607BDB-DA9E-4E34-A070-68C9E96CADE2}.Debug|Any CPU.ActiveCfg = Debug|Any CPU
		{E7607BDB-DA9E-4E34-A070-68C9E96CADE2}.Debug|Any CPU.Build.0 = Debug|Any CPU
		{E7607BDB-DA9E-4E34-A070-68C9E96CADE2}.Debug|x64.ActiveCfg = Debug|Any CPU
		{E7607BDB-DA9E-4E34-A070-68C9E96CADE2}.Debug|x64.Build.0 = Debug|Any CPU
		{E7607BDB-DA9E-4E34-A070-68C9E96CADE2}.Debug|x86.ActiveCfg = Debug|Any CPU
		{E7607BDB-DA9E-4E34-A070-68C9E96CADE2}.Debug|x86.Build.0 = Debug|Any CPU
		{E7607BDB-DA9E-4E34-A070-68C9E96CADE2}.Release|Any CPU.ActiveCfg = Release|Any CPU
		{E7607BDB-DA9E-4E34-A070-68C9E96CADE2}.Release|Any CPU.Build.0 = Release|Any CPU
		{E7607BDB-DA9E-4E34-A070-68C9E96CADE2}.Release|x64.ActiveCfg = Release|Any CPU
		{E7607BDB-DA9E-4E34-A070-68C9E96CADE2}.Release|x64.Build.0 = Release|Any CPU
		{E7607BDB-DA9E-4E34-A070-68C9E96CADE2}.Release|x86.ActiveCfg = Release|Any CPU
		{E7607BDB-DA9E-4E34-A070-68C9E96CADE2}.Release|x86.Build.0 = Release|Any CPU
		{EA2BD926-1625-4F83-8D3B-C388A664C1B0}.Debug|Any CPU.ActiveCfg = Debug|Any CPU
		{EA2BD926-1625-4F83-8D3B-C388A664C1B0}.Debug|Any CPU.Build.0 = Debug|Any CPU
		{EA2BD926-1625-4F83-8D3B-C388A664C1B0}.Debug|x64.ActiveCfg = Debug|Any CPU
		{EA2BD926-1625-4F83-8D3B-C388A664C1B0}.Debug|x64.Build.0 = Debug|Any CPU
		{EA2BD926-1625-4F83-8D3B-C388A664C1B0}.Debug|x86.ActiveCfg = Debug|Any CPU
		{EA2BD926-1625-4F83-8D3B-C388A664C1B0}.Debug|x86.Build.0 = Debug|Any CPU
		{EA2BD926-1625-4F83-8D3B-C388A664C1B0}.Release|Any CPU.ActiveCfg = Release|Any CPU
		{EA2BD926-1625-4F83-8D3B-C388A664C1B0}.Release|Any CPU.Build.0 = Release|Any CPU
		{EA2BD926-1625-4F83-8D3B-C388A664C1B0}.Release|x64.ActiveCfg = Release|Any CPU
		{EA2BD926-1625-4F83-8D3B-C388A664C1B0}.Release|x64.Build.0 = Release|Any CPU
		{EA2BD926-1625-4F83-8D3B-C388A664C1B0}.Release|x86.ActiveCfg = Release|Any CPU
		{EA2BD926-1625-4F83-8D3B-C388A664C1B0}.Release|x86.Build.0 = Release|Any CPU
		{C0ECE60A-FEE0-457C-970A-3B0EEB231A47}.Debug|Any CPU.ActiveCfg = Debug|Any CPU
		{C0ECE60A-FEE0-457C-970A-3B0EEB231A47}.Debug|Any CPU.Build.0 = Debug|Any CPU
		{C0ECE60A-FEE0-457C-970A-3B0EEB231A47}.Debug|x64.ActiveCfg = Debug|Any CPU
		{C0ECE60A-FEE0-457C-970A-3B0EEB231A47}.Debug|x64.Build.0 = Debug|Any CPU
		{C0ECE60A-FEE0-457C-970A-3B0EEB231A47}.Debug|x86.ActiveCfg = Debug|Any CPU
		{C0ECE60A-FEE0-457C-970A-3B0EEB231A47}.Debug|x86.Build.0 = Debug|Any CPU
		{C0ECE60A-FEE0-457C-970A-3B0EEB231A47}.Release|Any CPU.ActiveCfg = Release|Any CPU
		{C0ECE60A-FEE0-457C-970A-3B0EEB231A47}.Release|Any CPU.Build.0 = Release|Any CPU
		{C0ECE60A-FEE0-457C-970A-3B0EEB231A47}.Release|x64.ActiveCfg = Release|Any CPU
		{C0ECE60A-FEE0-457C-970A-3B0EEB231A47}.Release|x64.Build.0 = Release|Any CPU
		{C0ECE60A-FEE0-457C-970A-3B0EEB231A47}.Release|x86.ActiveCfg = Release|Any CPU
		{C0ECE60A-FEE0-457C-970A-3B0EEB231A47}.Release|x86.Build.0 = Release|Any CPU
		{A0DC4F19-851C-45AE-9293-E17C358DD1B6}.Debug|Any CPU.ActiveCfg = Debug|Any CPU
		{A0DC4F19-851C-45AE-9293-E17C358DD1B6}.Debug|Any CPU.Build.0 = Debug|Any CPU
		{A0DC4F19-851C-45AE-9293-E17C358DD1B6}.Debug|x64.ActiveCfg = Debug|Any CPU
		{A0DC4F19-851C-45AE-9293-E17C358DD1B6}.Debug|x64.Build.0 = Debug|Any CPU
		{A0DC4F19-851C-45AE-9293-E17C358DD1B6}.Debug|x86.ActiveCfg = Debug|Any CPU
		{A0DC4F19-851C-45AE-9293-E17C358DD1B6}.Debug|x86.Build.0 = Debug|Any CPU
		{A0DC4F19-851C-45AE-9293-E17C358DD1B6}.Release|Any CPU.ActiveCfg = Release|Any CPU
		{A0DC4F19-851C-45AE-9293-E17C358DD1B6}.Release|Any CPU.Build.0 = Release|Any CPU
		{A0DC4F19-851C-45AE-9293-E17C358DD1B6}.Release|x64.ActiveCfg = Release|Any CPU
		{A0DC4F19-851C-45AE-9293-E17C358DD1B6}.Release|x64.Build.0 = Release|Any CPU
		{A0DC4F19-851C-45AE-9293-E17C358DD1B6}.Release|x86.ActiveCfg = Release|Any CPU
		{A0DC4F19-851C-45AE-9293-E17C358DD1B6}.Release|x86.Build.0 = Release|Any CPU
		{992E5424-E447-4841-B1ED-8DFF5F1F2B2D}.Debug|Any CPU.ActiveCfg = Debug|Any CPU
		{992E5424-E447-4841-B1ED-8DFF5F1F2B2D}.Debug|Any CPU.Build.0 = Debug|Any CPU
		{992E5424-E447-4841-B1ED-8DFF5F1F2B2D}.Debug|x64.ActiveCfg = Debug|Any CPU
		{992E5424-E447-4841-B1ED-8DFF5F1F2B2D}.Debug|x64.Build.0 = Debug|Any CPU
		{992E5424-E447-4841-B1ED-8DFF5F1F2B2D}.Debug|x86.ActiveCfg = Debug|Any CPU
		{992E5424-E447-4841-B1ED-8DFF5F1F2B2D}.Debug|x86.Build.0 = Debug|Any CPU
		{992E5424-E447-4841-B1ED-8DFF5F1F2B2D}.Release|Any CPU.ActiveCfg = Release|Any CPU
		{992E5424-E447-4841-B1ED-8DFF5F1F2B2D}.Release|Any CPU.Build.0 = Release|Any CPU
		{992E5424-E447-4841-B1ED-8DFF5F1F2B2D}.Release|x64.ActiveCfg = Release|Any CPU
		{992E5424-E447-4841-B1ED-8DFF5F1F2B2D}.Release|x64.Build.0 = Release|Any CPU
		{992E5424-E447-4841-B1ED-8DFF5F1F2B2D}.Release|x86.ActiveCfg = Release|Any CPU
		{992E5424-E447-4841-B1ED-8DFF5F1F2B2D}.Release|x86.Build.0 = Release|Any CPU
		{7D127399-7CFF-4D5D-B5F0-3ABD0B663B49}.Debug|Any CPU.ActiveCfg = Debug|Any CPU
		{7D127399-7CFF-4D5D-B5F0-3ABD0B663B49}.Debug|Any CPU.Build.0 = Debug|Any CPU
		{7D127399-7CFF-4D5D-B5F0-3ABD0B663B49}.Debug|x64.ActiveCfg = Debug|Any CPU
		{7D127399-7CFF-4D5D-B5F0-3ABD0B663B49}.Debug|x64.Build.0 = Debug|Any CPU
		{7D127399-7CFF-4D5D-B5F0-3ABD0B663B49}.Debug|x86.ActiveCfg = Debug|Any CPU
		{7D127399-7CFF-4D5D-B5F0-3ABD0B663B49}.Debug|x86.Build.0 = Debug|Any CPU
		{7D127399-7CFF-4D5D-B5F0-3ABD0B663B49}.Release|Any CPU.ActiveCfg = Release|Any CPU
		{7D127399-7CFF-4D5D-B5F0-3ABD0B663B49}.Release|Any CPU.Build.0 = Release|Any CPU
		{7D127399-7CFF-4D5D-B5F0-3ABD0B663B49}.Release|x64.ActiveCfg = Release|Any CPU
		{7D127399-7CFF-4D5D-B5F0-3ABD0B663B49}.Release|x64.Build.0 = Release|Any CPU
		{7D127399-7CFF-4D5D-B5F0-3ABD0B663B49}.Release|x86.ActiveCfg = Release|Any CPU
		{7D127399-7CFF-4D5D-B5F0-3ABD0B663B49}.Release|x86.Build.0 = Release|Any CPU
		{3E0EA6EB-151F-4AE1-A5E9-6B5BB7942672}.Debug|Any CPU.ActiveCfg = Debug|Any CPU
		{3E0EA6EB-151F-4AE1-A5E9-6B5BB7942672}.Debug|Any CPU.Build.0 = Debug|Any CPU
		{3E0EA6EB-151F-4AE1-A5E9-6B5BB7942672}.Debug|x64.ActiveCfg = Debug|Any CPU
		{3E0EA6EB-151F-4AE1-A5E9-6B5BB7942672}.Debug|x64.Build.0 = Debug|Any CPU
		{3E0EA6EB-151F-4AE1-A5E9-6B5BB7942672}.Debug|x86.ActiveCfg = Debug|Any CPU
		{3E0EA6EB-151F-4AE1-A5E9-6B5BB7942672}.Debug|x86.Build.0 = Debug|Any CPU
		{3E0EA6EB-151F-4AE1-A5E9-6B5BB7942672}.Release|Any CPU.ActiveCfg = Release|Any CPU
		{3E0EA6EB-151F-4AE1-A5E9-6B5BB7942672}.Release|Any CPU.Build.0 = Release|Any CPU
		{3E0EA6EB-151F-4AE1-A5E9-6B5BB7942672}.Release|x64.ActiveCfg = Release|Any CPU
		{3E0EA6EB-151F-4AE1-A5E9-6B5BB7942672}.Release|x64.Build.0 = Release|Any CPU
		{3E0EA6EB-151F-4AE1-A5E9-6B5BB7942672}.Release|x86.ActiveCfg = Release|Any CPU
		{3E0EA6EB-151F-4AE1-A5E9-6B5BB7942672}.Release|x86.Build.0 = Release|Any CPU
		{72089D05-022C-4624-8FBE-346E190797EB}.Debug|Any CPU.ActiveCfg = Debug|Any CPU
		{72089D05-022C-4624-8FBE-346E190797EB}.Debug|Any CPU.Build.0 = Debug|Any CPU
		{72089D05-022C-4624-8FBE-346E190797EB}.Debug|x64.ActiveCfg = Debug|Any CPU
		{72089D05-022C-4624-8FBE-346E190797EB}.Debug|x64.Build.0 = Debug|Any CPU
		{72089D05-022C-4624-8FBE-346E190797EB}.Debug|x86.ActiveCfg = Debug|Any CPU
		{72089D05-022C-4624-8FBE-346E190797EB}.Debug|x86.Build.0 = Debug|Any CPU
		{72089D05-022C-4624-8FBE-346E190797EB}.Release|Any CPU.ActiveCfg = Release|Any CPU
		{72089D05-022C-4624-8FBE-346E190797EB}.Release|Any CPU.Build.0 = Release|Any CPU
		{72089D05-022C-4624-8FBE-346E190797EB}.Release|x64.ActiveCfg = Release|Any CPU
		{72089D05-022C-4624-8FBE-346E190797EB}.Release|x64.Build.0 = Release|Any CPU
		{72089D05-022C-4624-8FBE-346E190797EB}.Release|x86.ActiveCfg = Release|Any CPU
		{72089D05-022C-4624-8FBE-346E190797EB}.Release|x86.Build.0 = Release|Any CPU
		{6F9B1ECD-0125-451B-B7CA-AC8D2F984C0D}.Debug|Any CPU.ActiveCfg = Debug|Any CPU
		{6F9B1ECD-0125-451B-B7CA-AC8D2F984C0D}.Debug|Any CPU.Build.0 = Debug|Any CPU
		{6F9B1ECD-0125-451B-B7CA-AC8D2F984C0D}.Debug|x64.ActiveCfg = Debug|Any CPU
		{6F9B1ECD-0125-451B-B7CA-AC8D2F984C0D}.Debug|x64.Build.0 = Debug|Any CPU
		{6F9B1ECD-0125-451B-B7CA-AC8D2F984C0D}.Debug|x86.ActiveCfg = Debug|Any CPU
		{6F9B1ECD-0125-451B-B7CA-AC8D2F984C0D}.Debug|x86.Build.0 = Debug|Any CPU
		{6F9B1ECD-0125-451B-B7CA-AC8D2F984C0D}.Release|Any CPU.ActiveCfg = Release|Any CPU
		{6F9B1ECD-0125-451B-B7CA-AC8D2F984C0D}.Release|Any CPU.Build.0 = Release|Any CPU
		{6F9B1ECD-0125-451B-B7CA-AC8D2F984C0D}.Release|x64.ActiveCfg = Release|Any CPU
		{6F9B1ECD-0125-451B-B7CA-AC8D2F984C0D}.Release|x64.Build.0 = Release|Any CPU
		{6F9B1ECD-0125-451B-B7CA-AC8D2F984C0D}.Release|x86.ActiveCfg = Release|Any CPU
		{6F9B1ECD-0125-451B-B7CA-AC8D2F984C0D}.Release|x86.Build.0 = Release|Any CPU
		{56C89DA3-DBC1-4942-9BDD-36E7BD4E4AF3}.Debug|Any CPU.ActiveCfg = Debug|Any CPU
		{56C89DA3-DBC1-4942-9BDD-36E7BD4E4AF3}.Debug|Any CPU.Build.0 = Debug|Any CPU
		{56C89DA3-DBC1-4942-9BDD-36E7BD4E4AF3}.Debug|x64.ActiveCfg = Debug|Any CPU
		{56C89DA3-DBC1-4942-9BDD-36E7BD4E4AF3}.Debug|x64.Build.0 = Debug|Any CPU
		{56C89DA3-DBC1-4942-9BDD-36E7BD4E4AF3}.Debug|x86.ActiveCfg = Debug|Any CPU
		{56C89DA3-DBC1-4942-9BDD-36E7BD4E4AF3}.Debug|x86.Build.0 = Debug|Any CPU
		{56C89DA3-DBC1-4942-9BDD-36E7BD4E4AF3}.Release|Any CPU.ActiveCfg = Release|Any CPU
		{56C89DA3-DBC1-4942-9BDD-36E7BD4E4AF3}.Release|Any CPU.Build.0 = Release|Any CPU
		{56C89DA3-DBC1-4942-9BDD-36E7BD4E4AF3}.Release|x64.ActiveCfg = Release|Any CPU
		{56C89DA3-DBC1-4942-9BDD-36E7BD4E4AF3}.Release|x64.Build.0 = Release|Any CPU
		{56C89DA3-DBC1-4942-9BDD-36E7BD4E4AF3}.Release|x86.ActiveCfg = Release|Any CPU
		{56C89DA3-DBC1-4942-9BDD-36E7BD4E4AF3}.Release|x86.Build.0 = Release|Any CPU
		{43DD98E6-2D51-4C97-A202-72863E3B6FF1}.Debug|Any CPU.ActiveCfg = Debug|Any CPU
		{43DD98E6-2D51-4C97-A202-72863E3B6FF1}.Debug|Any CPU.Build.0 = Debug|Any CPU
		{43DD98E6-2D51-4C97-A202-72863E3B6FF1}.Debug|x64.ActiveCfg = Debug|Any CPU
		{43DD98E6-2D51-4C97-A202-72863E3B6FF1}.Debug|x64.Build.0 = Debug|Any CPU
		{43DD98E6-2D51-4C97-A202-72863E3B6FF1}.Debug|x86.ActiveCfg = Debug|Any CPU
		{43DD98E6-2D51-4C97-A202-72863E3B6FF1}.Debug|x86.Build.0 = Debug|Any CPU
		{43DD98E6-2D51-4C97-A202-72863E3B6FF1}.Release|Any CPU.ActiveCfg = Release|Any CPU
		{43DD98E6-2D51-4C97-A202-72863E3B6FF1}.Release|Any CPU.Build.0 = Release|Any CPU
		{43DD98E6-2D51-4C97-A202-72863E3B6FF1}.Release|x64.ActiveCfg = Release|Any CPU
		{43DD98E6-2D51-4C97-A202-72863E3B6FF1}.Release|x64.Build.0 = Release|Any CPU
		{43DD98E6-2D51-4C97-A202-72863E3B6FF1}.Release|x86.ActiveCfg = Release|Any CPU
		{43DD98E6-2D51-4C97-A202-72863E3B6FF1}.Release|x86.Build.0 = Release|Any CPU
		{9CCCC5FA-663B-415F-9B62-C945EC20A86C}.Debug|Any CPU.ActiveCfg = Debug|Any CPU
		{9CCCC5FA-663B-415F-9B62-C945EC20A86C}.Debug|Any CPU.Build.0 = Debug|Any CPU
		{9CCCC5FA-663B-415F-9B62-C945EC20A86C}.Debug|x64.ActiveCfg = Debug|Any CPU
		{9CCCC5FA-663B-415F-9B62-C945EC20A86C}.Debug|x64.Build.0 = Debug|Any CPU
		{9CCCC5FA-663B-415F-9B62-C945EC20A86C}.Debug|x86.ActiveCfg = Debug|Any CPU
		{9CCCC5FA-663B-415F-9B62-C945EC20A86C}.Debug|x86.Build.0 = Debug|Any CPU
		{9CCCC5FA-663B-415F-9B62-C945EC20A86C}.Release|Any CPU.ActiveCfg = Release|Any CPU
		{9CCCC5FA-663B-415F-9B62-C945EC20A86C}.Release|Any CPU.Build.0 = Release|Any CPU
		{9CCCC5FA-663B-415F-9B62-C945EC20A86C}.Release|x64.ActiveCfg = Release|Any CPU
		{9CCCC5FA-663B-415F-9B62-C945EC20A86C}.Release|x64.Build.0 = Release|Any CPU
		{9CCCC5FA-663B-415F-9B62-C945EC20A86C}.Release|x86.ActiveCfg = Release|Any CPU
		{9CCCC5FA-663B-415F-9B62-C945EC20A86C}.Release|x86.Build.0 = Release|Any CPU
		{1D14C5B6-C6BB-4D71-8B73-3BFCE7176850}.Debug|Any CPU.ActiveCfg = Debug|Any CPU
		{1D14C5B6-C6BB-4D71-8B73-3BFCE7176850}.Debug|Any CPU.Build.0 = Debug|Any CPU
		{1D14C5B6-C6BB-4D71-8B73-3BFCE7176850}.Debug|x64.ActiveCfg = Debug|Any CPU
		{1D14C5B6-C6BB-4D71-8B73-3BFCE7176850}.Debug|x64.Build.0 = Debug|Any CPU
		{1D14C5B6-C6BB-4D71-8B73-3BFCE7176850}.Debug|x86.ActiveCfg = Debug|Any CPU
		{1D14C5B6-C6BB-4D71-8B73-3BFCE7176850}.Debug|x86.Build.0 = Debug|Any CPU
		{1D14C5B6-C6BB-4D71-8B73-3BFCE7176850}.Release|Any CPU.ActiveCfg = Release|Any CPU
		{1D14C5B6-C6BB-4D71-8B73-3BFCE7176850}.Release|Any CPU.Build.0 = Release|Any CPU
		{1D14C5B6-C6BB-4D71-8B73-3BFCE7176850}.Release|x64.ActiveCfg = Release|Any CPU
		{1D14C5B6-C6BB-4D71-8B73-3BFCE7176850}.Release|x64.Build.0 = Release|Any CPU
		{1D14C5B6-C6BB-4D71-8B73-3BFCE7176850}.Release|x86.ActiveCfg = Release|Any CPU
		{1D14C5B6-C6BB-4D71-8B73-3BFCE7176850}.Release|x86.Build.0 = Release|Any CPU
		{E44D43ED-9A01-49CA-9D6F-4766211324A3}.Debug|Any CPU.ActiveCfg = Debug|Any CPU
		{E44D43ED-9A01-49CA-9D6F-4766211324A3}.Debug|Any CPU.Build.0 = Debug|Any CPU
		{E44D43ED-9A01-49CA-9D6F-4766211324A3}.Debug|x64.ActiveCfg = Debug|Any CPU
		{E44D43ED-9A01-49CA-9D6F-4766211324A3}.Debug|x64.Build.0 = Debug|Any CPU
		{E44D43ED-9A01-49CA-9D6F-4766211324A3}.Debug|x86.ActiveCfg = Debug|Any CPU
		{E44D43ED-9A01-49CA-9D6F-4766211324A3}.Debug|x86.Build.0 = Debug|Any CPU
		{E44D43ED-9A01-49CA-9D6F-4766211324A3}.Release|Any CPU.ActiveCfg = Release|Any CPU
		{E44D43ED-9A01-49CA-9D6F-4766211324A3}.Release|Any CPU.Build.0 = Release|Any CPU
		{E44D43ED-9A01-49CA-9D6F-4766211324A3}.Release|x64.ActiveCfg = Release|Any CPU
		{E44D43ED-9A01-49CA-9D6F-4766211324A3}.Release|x64.Build.0 = Release|Any CPU
		{E44D43ED-9A01-49CA-9D6F-4766211324A3}.Release|x86.ActiveCfg = Release|Any CPU
		{E44D43ED-9A01-49CA-9D6F-4766211324A3}.Release|x86.Build.0 = Release|Any CPU
		{863F93DF-397D-46CC-B471-33FEB7514C1B}.Debug|Any CPU.ActiveCfg = Debug|Any CPU
		{863F93DF-397D-46CC-B471-33FEB7514C1B}.Debug|Any CPU.Build.0 = Debug|Any CPU
		{863F93DF-397D-46CC-B471-33FEB7514C1B}.Debug|x64.ActiveCfg = Debug|Any CPU
		{863F93DF-397D-46CC-B471-33FEB7514C1B}.Debug|x64.Build.0 = Debug|Any CPU
		{863F93DF-397D-46CC-B471-33FEB7514C1B}.Debug|x86.ActiveCfg = Debug|Any CPU
		{863F93DF-397D-46CC-B471-33FEB7514C1B}.Debug|x86.Build.0 = Debug|Any CPU
		{863F93DF-397D-46CC-B471-33FEB7514C1B}.Release|Any CPU.ActiveCfg = Release|Any CPU
		{863F93DF-397D-46CC-B471-33FEB7514C1B}.Release|Any CPU.Build.0 = Release|Any CPU
		{863F93DF-397D-46CC-B471-33FEB7514C1B}.Release|x64.ActiveCfg = Release|Any CPU
		{863F93DF-397D-46CC-B471-33FEB7514C1B}.Release|x64.Build.0 = Release|Any CPU
		{863F93DF-397D-46CC-B471-33FEB7514C1B}.Release|x86.ActiveCfg = Release|Any CPU
		{863F93DF-397D-46CC-B471-33FEB7514C1B}.Release|x86.Build.0 = Release|Any CPU
		{23E4A389-25E3-4151-981B-6E3CA34ED274}.Debug|Any CPU.ActiveCfg = Debug|Any CPU
		{23E4A389-25E3-4151-981B-6E3CA34ED274}.Debug|Any CPU.Build.0 = Debug|Any CPU
		{23E4A389-25E3-4151-981B-6E3CA34ED274}.Debug|x64.ActiveCfg = Debug|Any CPU
		{23E4A389-25E3-4151-981B-6E3CA34ED274}.Debug|x64.Build.0 = Debug|Any CPU
		{23E4A389-25E3-4151-981B-6E3CA34ED274}.Debug|x86.ActiveCfg = Debug|Any CPU
		{23E4A389-25E3-4151-981B-6E3CA34ED274}.Debug|x86.Build.0 = Debug|Any CPU
		{23E4A389-25E3-4151-981B-6E3CA34ED274}.Release|Any CPU.ActiveCfg = Release|Any CPU
		{23E4A389-25E3-4151-981B-6E3CA34ED274}.Release|Any CPU.Build.0 = Release|Any CPU
		{23E4A389-25E3-4151-981B-6E3CA34ED274}.Release|x64.ActiveCfg = Release|Any CPU
		{23E4A389-25E3-4151-981B-6E3CA34ED274}.Release|x64.Build.0 = Release|Any CPU
		{23E4A389-25E3-4151-981B-6E3CA34ED274}.Release|x86.ActiveCfg = Release|Any CPU
		{23E4A389-25E3-4151-981B-6E3CA34ED274}.Release|x86.Build.0 = Release|Any CPU
		{DAC58AFD-6867-498B-8267-155B16192C13}.Debug|Any CPU.ActiveCfg = Debug|Any CPU
		{DAC58AFD-6867-498B-8267-155B16192C13}.Debug|Any CPU.Build.0 = Debug|Any CPU
		{DAC58AFD-6867-498B-8267-155B16192C13}.Debug|x64.ActiveCfg = Debug|Any CPU
		{DAC58AFD-6867-498B-8267-155B16192C13}.Debug|x64.Build.0 = Debug|Any CPU
		{DAC58AFD-6867-498B-8267-155B16192C13}.Debug|x86.ActiveCfg = Debug|Any CPU
		{DAC58AFD-6867-498B-8267-155B16192C13}.Debug|x86.Build.0 = Debug|Any CPU
		{DAC58AFD-6867-498B-8267-155B16192C13}.Release|Any CPU.ActiveCfg = Release|Any CPU
		{DAC58AFD-6867-498B-8267-155B16192C13}.Release|Any CPU.Build.0 = Release|Any CPU
		{DAC58AFD-6867-498B-8267-155B16192C13}.Release|x64.ActiveCfg = Release|Any CPU
		{DAC58AFD-6867-498B-8267-155B16192C13}.Release|x64.Build.0 = Release|Any CPU
		{DAC58AFD-6867-498B-8267-155B16192C13}.Release|x86.ActiveCfg = Release|Any CPU
		{DAC58AFD-6867-498B-8267-155B16192C13}.Release|x86.Build.0 = Release|Any CPU
		{1F999A26-CF20-464F-9293-9EFDC8789B68}.Debug|Any CPU.ActiveCfg = Debug|Any CPU
		{1F999A26-CF20-464F-9293-9EFDC8789B68}.Debug|Any CPU.Build.0 = Debug|Any CPU
		{1F999A26-CF20-464F-9293-9EFDC8789B68}.Debug|x64.ActiveCfg = Debug|Any CPU
		{1F999A26-CF20-464F-9293-9EFDC8789B68}.Debug|x64.Build.0 = Debug|Any CPU
		{1F999A26-CF20-464F-9293-9EFDC8789B68}.Debug|x86.ActiveCfg = Debug|Any CPU
		{1F999A26-CF20-464F-9293-9EFDC8789B68}.Debug|x86.Build.0 = Debug|Any CPU
		{1F999A26-CF20-464F-9293-9EFDC8789B68}.Release|Any CPU.ActiveCfg = Release|Any CPU
		{1F999A26-CF20-464F-9293-9EFDC8789B68}.Release|Any CPU.Build.0 = Release|Any CPU
		{1F999A26-CF20-464F-9293-9EFDC8789B68}.Release|x64.ActiveCfg = Release|Any CPU
		{1F999A26-CF20-464F-9293-9EFDC8789B68}.Release|x64.Build.0 = Release|Any CPU
		{1F999A26-CF20-464F-9293-9EFDC8789B68}.Release|x86.ActiveCfg = Release|Any CPU
		{1F999A26-CF20-464F-9293-9EFDC8789B68}.Release|x86.Build.0 = Release|Any CPU
		{2EEFBB4B-B11F-4027-AE0E-94B768D093FB}.Debug|Any CPU.ActiveCfg = Debug|Any CPU
		{2EEFBB4B-B11F-4027-AE0E-94B768D093FB}.Debug|Any CPU.Build.0 = Debug|Any CPU
		{2EEFBB4B-B11F-4027-AE0E-94B768D093FB}.Debug|x64.ActiveCfg = Debug|Any CPU
		{2EEFBB4B-B11F-4027-AE0E-94B768D093FB}.Debug|x64.Build.0 = Debug|Any CPU
		{2EEFBB4B-B11F-4027-AE0E-94B768D093FB}.Debug|x86.ActiveCfg = Debug|Any CPU
		{2EEFBB4B-B11F-4027-AE0E-94B768D093FB}.Debug|x86.Build.0 = Debug|Any CPU
		{2EEFBB4B-B11F-4027-AE0E-94B768D093FB}.Release|Any CPU.ActiveCfg = Release|Any CPU
		{2EEFBB4B-B11F-4027-AE0E-94B768D093FB}.Release|Any CPU.Build.0 = Release|Any CPU
		{2EEFBB4B-B11F-4027-AE0E-94B768D093FB}.Release|x64.ActiveCfg = Release|Any CPU
		{2EEFBB4B-B11F-4027-AE0E-94B768D093FB}.Release|x64.Build.0 = Release|Any CPU
		{2EEFBB4B-B11F-4027-AE0E-94B768D093FB}.Release|x86.ActiveCfg = Release|Any CPU
		{2EEFBB4B-B11F-4027-AE0E-94B768D093FB}.Release|x86.Build.0 = Release|Any CPU
		{CB32A0E8-44E1-43ED-90CD-42547AA9563B}.Debug|Any CPU.ActiveCfg = Debug|Any CPU
		{CB32A0E8-44E1-43ED-90CD-42547AA9563B}.Debug|Any CPU.Build.0 = Debug|Any CPU
		{CB32A0E8-44E1-43ED-90CD-42547AA9563B}.Debug|x64.ActiveCfg = Debug|Any CPU
		{CB32A0E8-44E1-43ED-90CD-42547AA9563B}.Debug|x64.Build.0 = Debug|Any CPU
		{CB32A0E8-44E1-43ED-90CD-42547AA9563B}.Debug|x86.ActiveCfg = Debug|Any CPU
		{CB32A0E8-44E1-43ED-90CD-42547AA9563B}.Debug|x86.Build.0 = Debug|Any CPU
		{CB32A0E8-44E1-43ED-90CD-42547AA9563B}.Release|Any CPU.ActiveCfg = Release|Any CPU
		{CB32A0E8-44E1-43ED-90CD-42547AA9563B}.Release|Any CPU.Build.0 = Release|Any CPU
		{CB32A0E8-44E1-43ED-90CD-42547AA9563B}.Release|x64.ActiveCfg = Release|Any CPU
		{CB32A0E8-44E1-43ED-90CD-42547AA9563B}.Release|x64.Build.0 = Release|Any CPU
		{CB32A0E8-44E1-43ED-90CD-42547AA9563B}.Release|x86.ActiveCfg = Release|Any CPU
		{CB32A0E8-44E1-43ED-90CD-42547AA9563B}.Release|x86.Build.0 = Release|Any CPU
		{69F305E0-786A-4472-AA6D-E2A2DBFBEDAD}.Debug|Any CPU.ActiveCfg = Debug|Any CPU
		{69F305E0-786A-4472-AA6D-E2A2DBFBEDAD}.Debug|Any CPU.Build.0 = Debug|Any CPU
		{69F305E0-786A-4472-AA6D-E2A2DBFBEDAD}.Debug|x64.ActiveCfg = Debug|Any CPU
		{69F305E0-786A-4472-AA6D-E2A2DBFBEDAD}.Debug|x64.Build.0 = Debug|Any CPU
		{69F305E0-786A-4472-AA6D-E2A2DBFBEDAD}.Debug|x86.ActiveCfg = Debug|Any CPU
		{69F305E0-786A-4472-AA6D-E2A2DBFBEDAD}.Debug|x86.Build.0 = Debug|Any CPU
		{69F305E0-786A-4472-AA6D-E2A2DBFBEDAD}.Release|Any CPU.ActiveCfg = Release|Any CPU
		{69F305E0-786A-4472-AA6D-E2A2DBFBEDAD}.Release|Any CPU.Build.0 = Release|Any CPU
		{69F305E0-786A-4472-AA6D-E2A2DBFBEDAD}.Release|x64.ActiveCfg = Release|Any CPU
		{69F305E0-786A-4472-AA6D-E2A2DBFBEDAD}.Release|x64.Build.0 = Release|Any CPU
		{69F305E0-786A-4472-AA6D-E2A2DBFBEDAD}.Release|x86.ActiveCfg = Release|Any CPU
		{69F305E0-786A-4472-AA6D-E2A2DBFBEDAD}.Release|x86.Build.0 = Release|Any CPU
		{E1AB7B95-AAE6-4657-8506-30BAE2098C19}.Debug|Any CPU.ActiveCfg = Debug|Any CPU
		{E1AB7B95-AAE6-4657-8506-30BAE2098C19}.Debug|Any CPU.Build.0 = Debug|Any CPU
		{E1AB7B95-AAE6-4657-8506-30BAE2098C19}.Debug|x64.ActiveCfg = Debug|Any CPU
		{E1AB7B95-AAE6-4657-8506-30BAE2098C19}.Debug|x64.Build.0 = Debug|Any CPU
		{E1AB7B95-AAE6-4657-8506-30BAE2098C19}.Debug|x86.ActiveCfg = Debug|Any CPU
		{E1AB7B95-AAE6-4657-8506-30BAE2098C19}.Debug|x86.Build.0 = Debug|Any CPU
		{E1AB7B95-AAE6-4657-8506-30BAE2098C19}.Release|Any CPU.ActiveCfg = Release|Any CPU
		{E1AB7B95-AAE6-4657-8506-30BAE2098C19}.Release|Any CPU.Build.0 = Release|Any CPU
		{E1AB7B95-AAE6-4657-8506-30BAE2098C19}.Release|x64.ActiveCfg = Release|Any CPU
		{E1AB7B95-AAE6-4657-8506-30BAE2098C19}.Release|x64.Build.0 = Release|Any CPU
		{E1AB7B95-AAE6-4657-8506-30BAE2098C19}.Release|x86.ActiveCfg = Release|Any CPU
		{E1AB7B95-AAE6-4657-8506-30BAE2098C19}.Release|x86.Build.0 = Release|Any CPU
		{02ED8909-0B91-4101-A7A4-A83880593CBD}.Debug|Any CPU.ActiveCfg = Debug|Any CPU
		{02ED8909-0B91-4101-A7A4-A83880593CBD}.Debug|Any CPU.Build.0 = Debug|Any CPU
		{02ED8909-0B91-4101-A7A4-A83880593CBD}.Debug|x64.ActiveCfg = Debug|Any CPU
		{02ED8909-0B91-4101-A7A4-A83880593CBD}.Debug|x64.Build.0 = Debug|Any CPU
		{02ED8909-0B91-4101-A7A4-A83880593CBD}.Debug|x86.ActiveCfg = Debug|Any CPU
		{02ED8909-0B91-4101-A7A4-A83880593CBD}.Debug|x86.Build.0 = Debug|Any CPU
		{02ED8909-0B91-4101-A7A4-A83880593CBD}.Release|Any CPU.ActiveCfg = Release|Any CPU
		{02ED8909-0B91-4101-A7A4-A83880593CBD}.Release|Any CPU.Build.0 = Release|Any CPU
		{02ED8909-0B91-4101-A7A4-A83880593CBD}.Release|x64.ActiveCfg = Release|Any CPU
		{02ED8909-0B91-4101-A7A4-A83880593CBD}.Release|x64.Build.0 = Release|Any CPU
		{02ED8909-0B91-4101-A7A4-A83880593CBD}.Release|x86.ActiveCfg = Release|Any CPU
		{02ED8909-0B91-4101-A7A4-A83880593CBD}.Release|x86.Build.0 = Release|Any CPU
	EndGlobalSection
	GlobalSection(SolutionProperties) = preSolution
		HideSolutionNode = FALSE
	EndGlobalSection
	GlobalSection(NestedProjects) = preSolution
		{85F909CB-8F14-ECC8-BA9D-713D1771907F} = {827E0CD3-B72D-47B6-A68D-7590B98EB39B}
		{3597AD2E-3D96-40C9-8CE8-6DF8FF3FB4D7} = {85F909CB-8F14-ECC8-BA9D-713D1771907F}
		{FFBE31B8-50B9-B415-22BC-2F92C97CADA3} = {827E0CD3-B72D-47B6-A68D-7590B98EB39B}
		{678C2C21-E005-4C4B-97DA-A8E874FAA69F} = {FFBE31B8-50B9-B415-22BC-2F92C97CADA3}
		{96B3E664-5ABC-E51A-CA60-11A84D1E55B4} = {827E0CD3-B72D-47B6-A68D-7590B98EB39B}
		{E7607BDB-DA9E-4E34-A070-68C9E96CADE2} = {96B3E664-5ABC-E51A-CA60-11A84D1E55B4}
		{1392ED4B-3FB1-F2A1-9B6B-9EFB0CACC6E4} = {827E0CD3-B72D-47B6-A68D-7590B98EB39B}
		{EA2BD926-1625-4F83-8D3B-C388A664C1B0} = {1392ED4B-3FB1-F2A1-9B6B-9EFB0CACC6E4}
		{C0ECE60A-FEE0-457C-970A-3B0EEB231A47} = {1392ED4B-3FB1-F2A1-9B6B-9EFB0CACC6E4}
		{A0DC4F19-851C-45AE-9293-E17C358DD1B6} = {1392ED4B-3FB1-F2A1-9B6B-9EFB0CACC6E4}
		{992E5424-E447-4841-B1ED-8DFF5F1F2B2D} = {1392ED4B-3FB1-F2A1-9B6B-9EFB0CACC6E4}
		{6306A8FB-679E-111F-6585-8F70E0EE6013} = {827E0CD3-B72D-47B6-A68D-7590B98EB39B}
		{7D127399-7CFF-4D5D-B5F0-3ABD0B663B49} = {6306A8FB-679E-111F-6585-8F70E0EE6013}
		{3E0EA6EB-151F-4AE1-A5E9-6B5BB7942672} = {6306A8FB-679E-111F-6585-8F70E0EE6013}
		{72089D05-022C-4624-8FBE-346E190797EB} = {6306A8FB-679E-111F-6585-8F70E0EE6013}
		{70BAA7F9-7914-E584-5739-8B02C132DCC7} = {827E0CD3-B72D-47B6-A68D-7590B98EB39B}
		{6F9B1ECD-0125-451B-B7CA-AC8D2F984C0D} = {70BAA7F9-7914-E584-5739-8B02C132DCC7}
		{56C89DA3-DBC1-4942-9BDD-36E7BD4E4AF3} = {70BAA7F9-7914-E584-5739-8B02C132DCC7}
		{E134C235-D229-4C0D-6747-D71D21D31FBE} = {827E0CD3-B72D-47B6-A68D-7590B98EB39B}
		{43DD98E6-2D51-4C97-A202-72863E3B6FF1} = {E134C235-D229-4C0D-6747-D71D21D31FBE}
		{5FC1494C-0D8C-79D1-FFF2-37E95F57AB9F} = {827E0CD3-B72D-47B6-A68D-7590B98EB39B}
		{9CCCC5FA-663B-415F-9B62-C945EC20A86C} = {5FC1494C-0D8C-79D1-FFF2-37E95F57AB9F}
		{1D14C5B6-C6BB-4D71-8B73-3BFCE7176850} = {0AB3BF05-4346-4AA6-1389-037BE0695223}
		{E44D43ED-9A01-49CA-9D6F-4766211324A3} = {0AB3BF05-4346-4AA6-1389-037BE0695223}
		{863F93DF-397D-46CC-B471-33FEB7514C1B} = {0AB3BF05-4346-4AA6-1389-037BE0695223}
		{D0D6B8B0-AC35-B3FA-0B96-A9B0E4A3253E} = {0AB3BF05-4346-4AA6-1389-037BE0695223}
		{23E4A389-25E3-4151-981B-6E3CA34ED274} = {D0D6B8B0-AC35-B3FA-0B96-A9B0E4A3253E}
		{DAC58AFD-6867-498B-8267-155B16192C13} = {0AB3BF05-4346-4AA6-1389-037BE0695223}
		{1F999A26-CF20-464F-9293-9EFDC8789B68} = {0AB3BF05-4346-4AA6-1389-037BE0695223}
		{2EEFBB4B-B11F-4027-AE0E-94B768D093FB} = {0AB3BF05-4346-4AA6-1389-037BE0695223}
		{CB32A0E8-44E1-43ED-90CD-42547AA9563B} = {0AB3BF05-4346-4AA6-1389-037BE0695223}
		{69F305E0-786A-4472-AA6D-E2A2DBFBEDAD} = {0AB3BF05-4346-4AA6-1389-037BE0695223}
		{E1AB7B95-AAE6-4657-8506-30BAE2098C19} = {0AB3BF05-4346-4AA6-1389-037BE0695223}
		{02ED8909-0B91-4101-A7A4-A83880593CBD} = {0AB3BF05-4346-4AA6-1389-037BE0695223}
	EndGlobalSection
EndGlobal
